
Microsoft Visual Studio Solution File, Format Version 12.00
# Visual Studio Version 16
VisualStudioVersion = 16.0.29519.87
MinimumVisualStudioVersion = 10.0.40219.1
Project("{FAE04EC0-301F-11D3-BF4B-00C04F79EFBC}") = "CCCPMatrixCounterApi", "CCCPMatrixCounterApi\CCCPMatrixCounterApi.csproj", "{B72BA108-41EE-4E15-870A-ADFD1C23DCD9}"
EndProject
Global
	GlobalSection(SolutionConfigurationPlatforms) = preSolution
		Debug|Any CPU = Debug|Any CPU
		Release|Any CPU = Release|Any CPU
	EndGlobalSection
	GlobalSection(ProjectConfigurationPlatforms) = postSolution
		{B72BA108-41EE-4E15-870A-ADFD1C23DCD9}.Debug|Any CPU.ActiveCfg = Debug|Any CPU
		{B72BA108-41EE-4E15-870A-ADFD1C23DCD9}.Debug|Any CPU.Build.0 = Debug|Any CPU
		{B72BA108-41EE-4E15-870A-ADFD1C23DCD9}.Release|Any CPU.ActiveCfg = Release|Any CPU
		{B72BA108-41EE-4E15-870A-ADFD1C23DCD9}.Release|Any CPU.Build.0 = Release|Any CPU
	EndGlobalSection
	GlobalSection(SolutionProperties) = preSolution
		HideSolutionNode = FALSE
	EndGlobalSection
	GlobalSection(ExtensibilityGlobals) = postSolution
		SolutionGuid = {468D2E1B-AA8C-4B58-970C-BBBC76634C32}
	EndGlobalSection
EndGlobal
